// !$*UTF8*$!
{
	archiveVersion = 1;
	classes = {
	};
	objectVersion = 56;
	objects = {

/* Begin PBXBuildFile section */
		ED0E12FB2C2C4B260065D85A /* AppDelegate.swift in Sources */ = {isa = PBXBuildFile; fileRef = ED0E12FA2C2C4B260065D85A /* AppDelegate.swift */; };
		ED0E12FD2C2C4B260065D85A /* SceneDelegate.swift in Sources */ = {isa = PBXBuildFile; fileRef = ED0E12FC2C2C4B260065D85A /* SceneDelegate.swift */; };
		ED0E12FF2C2C4B260065D85A /* ViewController.swift in Sources */ = {isa = PBXBuildFile; fileRef = ED0E12FE2C2C4B260065D85A /* ViewController.swift */; };
		ED0E13022C2C4B260065D85A /* Base in Resources */ = {isa = PBXBuildFile; fileRef = ED0E13012C2C4B260065D85A /* Base */; };
		ED0E13042C2C4B280065D85A /* Assets.xcassets in Resources */ = {isa = PBXBuildFile; fileRef = ED0E13032C2C4B280065D85A /* Assets.xcassets */; };
		ED0E13072C2C4B280065D85A /* Base in Resources */ = {isa = PBXBuildFile; fileRef = ED0E13062C2C4B280065D85A /* Base */; };
		ED0E13122C2C4B280065D85A /* HW20Tests.swift in Sources */ = {isa = PBXBuildFile; fileRef = ED0E13112C2C4B280065D85A /* HW20Tests.swift */; };
		ED0E131C2C2C4B280065D85A /* HW20UITests.swift in Sources */ = {isa = PBXBuildFile; fileRef = ED0E131B2C2C4B280065D85A /* HW20UITests.swift */; };
		ED0E131E2C2C4B280065D85A /* HW20UITestsLaunchTests.swift in Sources */ = {isa = PBXBuildFile; fileRef = ED0E131D2C2C4B280065D85A /* HW20UITestsLaunchTests.swift */; };
/* End PBXBuildFile section */

/* Begin PBXContainerItemProxy section */
		ED0E130E2C2C4B280065D85A /* PBXContainerItemProxy */ = {
			isa = PBXContainerItemProxy;
			containerPortal = ED0E12EF2C2C4B260065D85A /* Project object */;
			proxyType = 1;
			remoteGlobalIDString = ED0E12F62C2C4B260065D85A;
			remoteInfo = HW20;
		};
		ED0E13182C2C4B280065D85A /* PBXContainerItemProxy */ = {
			isa = PBXContainerItemProxy;
			containerPortal = ED0E12EF2C2C4B260065D85A /* Project object */;
			proxyType = 1;
			remoteGlobalIDString = ED0E12F62C2C4B260065D85A;
			remoteInfo = HW20;
		};
/* End PBXContainerItemProxy section */

/* Begin PBXFileReference section */
		ED0E12F72C2C4B260065D85A /* HW20.app */ = {isa = PBXFileReference; explicitFileType = wrapper.application; includeInIndex = 0; path = HW20.app; sourceTree = BUILT_PRODUCTS_DIR; };
		ED0E12FA2C2C4B260065D85A /* AppDelegate.swift */ = {isa = PBXFileReference; lastKnownFileType = sourcecode.swift; path = AppDelegate.swift; sourceTree = "<group>"; };
		ED0E12FC2C2C4B260065D85A /* SceneDelegate.swift */ = {isa = PBXFileReference; lastKnownFileType = sourcecode.swift; path = SceneDelegate.swift; sourceTree = "<group>"; };
		ED0E12FE2C2C4B260065D85A /* ViewController.swift */ = {isa = PBXFileReference; lastKnownFileType = sourcecode.swift; path = ViewController.swift; sourceTree = "<group>"; };
		ED0E13012C2C4B260065D85A /* Base */ = {isa = PBXFileReference; lastKnownFileType = file.storyboard; name = Base; path = Base.lproj/Main.storyboard; sourceTree = "<group>"; };
		ED0E13032C2C4B280065D85A /* Assets.xcassets */ = {isa = PBXFileReference; lastKnownFileType = folder.assetcatalog; path = Assets.xcassets; sourceTree = "<group>"; };
		ED0E13062C2C4B280065D85A /* Base */ = {isa = PBXFileReference; lastKnownFileType = file.storyboard; name = Base; path = Base.lproj/LaunchScreen.storyboard; sourceTree = "<group>"; };
		ED0E13082C2C4B280065D85A /* Info.plist */ = {isa = PBXFileReference; lastKnownFileType = text.plist.xml; path = Info.plist; sourceTree = "<group>"; };
		ED0E130D2C2C4B280065D85A /* HW20Tests.xctest */ = {isa = PBXFileReference; explicitFileType = wrapper.cfbundle; includeInIndex = 0; path = HW20Tests.xctest; sourceTree = BUILT_PRODUCTS_DIR; };
		ED0E13112C2C4B280065D85A /* HW20Tests.swift */ = {isa = PBXFileReference; lastKnownFileType = sourcecode.swift; path = HW20Tests.swift; sourceTree = "<group>"; };
		ED0E13172C2C4B280065D85A /* HW20UITests.xctest */ = {isa = PBXFileReference; explicitFileType = wrapper.cfbundle; includeInIndex = 0; path = HW20UITests.xctest; sourceTree = BUILT_PRODUCTS_DIR; };
		ED0E131B2C2C4B280065D85A /* HW20UITests.swift */ = {isa = PBXFileReference; lastKnownFileType = sourcecode.swift; path = HW20UITests.swift; sourceTree = "<group>"; };
		ED0E131D2C2C4B280065D85A /* HW20UITestsLaunchTests.swift */ = {isa = PBXFileReference; lastKnownFileType = sourcecode.swift; path = HW20UITestsLaunchTests.swift; sourceTree = "<group>"; };
/* End PBXFileReference section */

/* Begin PBXFrameworksBuildPhase section */
		ED0E12F42C2C4B260065D85A /* Frameworks */ = {
			isa = PBXFrameworksBuildPhase;
			buildActionMask = 2147483647;
			files = (
			);
			runOnlyForDeploymentPostprocessing = 0;
		};
		ED0E130A2C2C4B280065D85A /* Frameworks */ = {
			isa = PBXFrameworksBuildPhase;
			buildActionMask = 2147483647;
			files = (
			);
			runOnlyForDeploymentPostprocessing = 0;
		};
		ED0E13142C2C4B280065D85A /* Frameworks */ = {
			isa = PBXFrameworksBuildPhase;
			buildActionMask = 2147483647;
			files = (
			);
			runOnlyForDeploymentPostprocessing = 0;
		};
/* End PBXFrameworksBuildPhase section */

/* Begin PBXGroup section */
		ED0E12EE2C2C4B260065D85A = {
			isa = PBXGroup;
			children = (
				ED0E12F92C2C4B260065D85A /* HW20 */,
				ED0E13102C2C4B280065D85A /* HW20Tests */,
				ED0E131A2C2C4B280065D85A /* HW20UITests */,
				ED0E12F82C2C4B260065D85A /* Products */,
			);
			sourceTree = "<group>";
		};
		ED0E12F82C2C4B260065D85A /* Products */ = {
			isa = PBXGroup;
			children = (
				ED0E12F72C2C4B260065D85A /* HW20.app */,
				ED0E130D2C2C4B280065D85A /* HW20Tests.xctest */,
				ED0E13172C2C4B280065D85A /* HW20UITests.xctest */,
			);
			name = Products;
			sourceTree = "<group>";
		};
		ED0E12F92C2C4B260065D85A /* HW20 */ = {
			isa = PBXGroup;
			children = (
				ED0E12FA2C2C4B260065D85A /* AppDelegate.swift */,
				ED0E12FC2C2C4B260065D85A /* SceneDelegate.swift */,
				ED0E12FE2C2C4B260065D85A /* ViewController.swift */,
				ED0E13002C2C4B260065D85A /* Main.storyboard */,
				ED0E13032C2C4B280065D85A /* Assets.xcassets */,
				ED0E13052C2C4B280065D85A /* LaunchScreen.storyboard */,
				ED0E13082C2C4B280065D85A /* Info.plist */,
			);
			path = HW20;
			sourceTree = "<group>";
		};
		ED0E13102C2C4B280065D85A /* HW20Tests */ = {
			isa = PBXGroup;
			children = (
				ED0E13112C2C4B280065D85A /* HW20Tests.swift */,
			);
			path = HW20Tests;
			sourceTree = "<group>";
		};
		ED0E131A2C2C4B280065D85A /* HW20UITests */ = {
			isa = PBXGroup;
			children = (
				ED0E131B2C2C4B280065D85A /* HW20UITests.swift */,
				ED0E131D2C2C4B280065D85A /* HW20UITestsLaunchTests.swift */,
			);
			path = HW20UITests;
			sourceTree = "<group>";
		};
/* End PBXGroup section */

/* Begin PBXNativeTarget section */
		ED0E12F62C2C4B260065D85A /* HW20 */ = {
			isa = PBXNativeTarget;
			buildConfigurationList = ED0E13212C2C4B280065D85A /* Build configuration list for PBXNativeTarget "HW20" */;
			buildPhases = (
				ED0E12F32C2C4B260065D85A /* Sources */,
				ED0E12F42C2C4B260065D85A /* Frameworks */,
				ED0E12F52C2C4B260065D85A /* Resources */,
			);
			buildRules = (
			);
			dependencies = (
			);
			name = HW20;
			productName = HW20;
			productReference = ED0E12F72C2C4B260065D85A /* HW20.app */;
			productType = "com.apple.product-type.application";
		};
		ED0E130C2C2C4B280065D85A /* HW20Tests */ = {
			isa = PBXNativeTarget;
			buildConfigurationList = ED0E13242C2C4B280065D85A /* Build configuration list for PBXNativeTarget "HW20Tests" */;
			buildPhases = (
				ED0E13092C2C4B280065D85A /* Sources */,
				ED0E130A2C2C4B280065D85A /* Frameworks */,
				ED0E130B2C2C4B280065D85A /* Resources */,
			);
			buildRules = (
			);
			dependencies = (
				ED0E130F2C2C4B280065D85A /* PBXTargetDependency */,
			);
			name = HW20Tests;
			productName = HW20Tests;
			productReference = ED0E130D2C2C4B280065D85A /* HW20Tests.xctest */;
			productType = "com.apple.product-type.bundle.unit-test";
		};
		ED0E13162C2C4B280065D85A /* HW20UITests */ = {
			isa = PBXNativeTarget;
			buildConfigurationList = ED0E13272C2C4B280065D85A /* Build configuration list for PBXNativeTarget "HW20UITests" */;
			buildPhases = (
				ED0E13132C2C4B280065D85A /* Sources */,
				ED0E13142C2C4B280065D85A /* Frameworks */,
				ED0E13152C2C4B280065D85A /* Resources */,
			);
			buildRules = (
			);
			dependencies = (
				ED0E13192C2C4B280065D85A /* PBXTargetDependency */,
			);
			name = HW20UITests;
			productName = HW20UITests;
			productReference = ED0E13172C2C4B280065D85A /* HW20UITests.xctest */;
			productType = "com.apple.product-type.bundle.ui-testing";
		};
/* End PBXNativeTarget section */

/* Begin PBXProject section */
		ED0E12EF2C2C4B260065D85A /* Project object */ = {
			isa = PBXProject;
			attributes = {
				BuildIndependentTargetsInParallel = 1;
				LastSwiftUpdateCheck = 1540;
				LastUpgradeCheck = 1540;
				TargetAttributes = {
					ED0E12F62C2C4B260065D85A = {
						CreatedOnToolsVersion = 15.4;
					};
					ED0E130C2C2C4B280065D85A = {
						CreatedOnToolsVersion = 15.4;
						TestTargetID = ED0E12F62C2C4B260065D85A;
					};
					ED0E13162C2C4B280065D85A = {
						CreatedOnToolsVersion = 15.4;
						TestTargetID = ED0E12F62C2C4B260065D85A;
					};
				};
			};
			buildConfigurationList = ED0E12F22C2C4B260065D85A /* Build configuration list for PBXProject "HW20" */;
			compatibilityVersion = "Xcode 14.0";
			developmentRegion = en;
			hasScannedForEncodings = 0;
			knownRegions = (
				en,
				Base,
			);
			mainGroup = ED0E12EE2C2C4B260065D85A;
			productRefGroup = ED0E12F82C2C4B260065D85A /* Products */;
			projectDirPath = "";
			projectRoot = "";
			targets = (
				ED0E12F62C2C4B260065D85A /* HW20 */,
				ED0E130C2C2C4B280065D85A /* HW20Tests */,
				ED0E13162C2C4B280065D85A /* HW20UITests */,
			);
		};
/* End PBXProject section */

/* Begin PBXResourcesBuildPhase section */
		ED0E12F52C2C4B260065D85A /* Resources */ = {
			isa = PBXResourcesBuildPhase;
			buildActionMask = 2147483647;
			files = (
				ED0E13042C2C4B280065D85A /* Assets.xcassets in Resources */,
				ED0E13072C2C4B280065D85A /* Base in Resources */,
				ED0E13022C2C4B260065D85A /* Base in Resources */,
			);
			runOnlyForDeploymentPostprocessing = 0;
		};
		ED0E130B2C2C4B280065D85A /* Resources */ = {
			isa = PBXResourcesBuildPhase;
			buildActionMask = 2147483647;
			files = (
			);
			runOnlyForDeploymentPostprocessing = 0;
		};
		ED0E13152C2C4B280065D85A /* Resources */ = {
			isa = PBXResourcesBuildPhase;
			buildActionMask = 2147483647;
			files = (
			);
			runOnlyForDeploymentPostprocessing = 0;
		};
/* End PBXResourcesBuildPhase section */

/* Begin PBXSourcesBuildPhase section */
		ED0E12F32C2C4B260065D85A /* Sources */ = {
			isa = PBXSourcesBuildPhase;
			buildActionMask = 2147483647;
			files = (
				ED0E12FF2C2C4B260065D85A /* ViewController.swift in Sources */,
				ED0E12FB2C2C4B260065D85A /* AppDelegate.swift in Sources */,
				ED0E12FD2C2C4B260065D85A /* SceneDelegate.swift in Sources */,
			);
			runOnlyForDeploymentPostprocessing = 0;
		};
		ED0E13092C2C4B280065D85A /* Sources */ = {
			isa = PBXSourcesBuildPhase;
			buildActionMask = 2147483647;
			files = (
				ED0E13122C2C4B280065D85A /* HW20Tests.swift in Sources */,
			);
			runOnlyForDeploymentPostprocessing = 0;
		};
		ED0E13132C2C4B280065D85A /* Sources */ = {
			isa = PBXSourcesBuildPhase;
			buildActionMask = 2147483647;
			files = (
				ED0E131C2C2C4B280065D85A /* HW20UITests.swift in Sources */,
				ED0E131E2C2C4B280065D85A /* HW20UITestsLaunchTests.swift in Sources */,
			);
			runOnlyForDeploymentPostprocessing = 0;
		};
/* End PBXSourcesBuildPhase section */

/* Begin PBXTargetDependency section */
		ED0E130F2C2C4B280065D85A /* PBXTargetDependency */ = {
			isa = PBXTargetDependency;
			target = ED0E12F62C2C4B260065D85A /* HW20 */;
			targetProxy = ED0E130E2C2C4B280065D85A /* PBXContainerItemProxy */;
		};
		ED0E13192C2C4B280065D85A /* PBXTargetDependency */ = {
			isa = PBXTargetDependency;
			target = ED0E12F62C2C4B260065D85A /* HW20 */;
			targetProxy = ED0E13182C2C4B280065D85A /* PBXContainerItemProxy */;
		};
/* End PBXTargetDependency section */

/* Begin PBXVariantGroup section */
		ED0E13002C2C4B260065D85A /* Main.storyboard */ = {
			isa = PBXVariantGroup;
			children = (
				ED0E13012C2C4B260065D85A /* Base */,
			);
			name = Main.storyboard;
			sourceTree = "<group>";
		};
		ED0E13052C2C4B280065D85A /* LaunchScreen.storyboard */ = {
			isa = PBXVariantGroup;
			children = (
				ED0E13062C2C4B280065D85A /* Base */,
			);
			name = LaunchScreen.storyboard;
			sourceTree = "<group>";
		};
/* End PBXVariantGroup section */

/* Begin XCBuildConfiguration section */
		ED0E131F2C2C4B280065D85A /* Debug */ = {
			isa = XCBuildConfiguration;
			buildSettings = {
				ALWAYS_SEARCH_USER_PATHS = NO;
				ASSETCATALOG_COMPILER_GENERATE_SWIFT_ASSET_SYMBOL_EXTENSIONS = YES;
				CLANG_ANALYZER_NONNULL = YES;
				CLANG_ANALYZER_NUMBER_OBJECT_CONVERSION = YES_AGGRESSIVE;
				CLANG_CXX_LANGUAGE_STANDARD = "gnu++20";
				CLANG_ENABLE_MODULES = YES;
				CLANG_ENABLE_OBJC_ARC = YES;
				CLANG_ENABLE_OBJC_WEAK = YES;
				CLANG_WARN_BLOCK_CAPTURE_AUTORELEASING = YES;
				CLANG_WARN_BOOL_CONVERSION = YES;
				CLANG_WARN_COMMA = YES;
				CLANG_WARN_CONSTANT_CONVERSION = YES;
				CLANG_WARN_DEPRECATED_OBJC_IMPLEMENTATIONS = YES;
				CLANG_WARN_DIRECT_OBJC_ISA_USAGE = YES_ERROR;
				CLANG_WARN_DOCUMENTATION_COMMENTS = YES;
				CLANG_WARN_EMPTY_BODY = YES;
				CLANG_WARN_ENUM_CONVERSION = YES;
				CLANG_WARN_INFINITE_RECURSION = YES;
				CLANG_WARN_INT_CONVERSION = YES;
				CLANG_WARN_NON_LITERAL_NULL_CONVERSION = YES;
				CLANG_WARN_OBJC_IMPLICIT_RETAIN_SELF = YES;
				CLANG_WARN_OBJC_LITERAL_CONVERSION = YES;
				CLANG_WARN_OBJC_ROOT_CLASS = YES_ERROR;
				CLANG_WARN_QUOTED_INCLUDE_IN_FRAMEWORK_HEADER = YES;
				CLANG_WARN_RANGE_LOOP_ANALYSIS = YES;
				CLANG_WARN_STRICT_PROTOTYPES = YES;
				CLANG_WARN_SUSPICIOUS_MOVE = YES;
				CLANG_WARN_UNGUARDED_AVAILABILITY = YES_AGGRESSIVE;
				CLANG_WARN_UNREACHABLE_CODE = YES;
				CLANG_WARN__DUPLICATE_METHOD_MATCH = YES;
				COPY_PHASE_STRIP = NO;
				DEBUG_INFORMATION_FORMAT = dwarf;
				ENABLE_STRICT_OBJC_MSGSEND = YES;
				ENABLE_TESTABILITY = YES;
				ENABLE_USER_SCRIPT_SANDBOXING = YES;
				GCC_C_LANGUAGE_STANDARD = gnu17;
				GCC_DYNAMIC_NO_PIC = NO;
				GCC_NO_COMMON_BLOCKS = YES;
				GCC_OPTIMIZATION_LEVEL = 0;
				GCC_PREPROCESSOR_DEFINITIONS = (
					"DEBUG=1",
					"$(inherited)",
				);
				GCC_WARN_64_TO_32_BIT_CONVERSION = YES;
				GCC_WARN_ABOUT_RETURN_TYPE = YES_ERROR;
				GCC_WARN_UNDECLARED_SELECTOR = YES;
				GCC_WARN_UNINITIALIZED_AUTOS = YES_AGGRESSIVE;
				GCC_WARN_UNUSED_FUNCTION = YES;
				GCC_WARN_UNUSED_VARIABLE = YES;
				IPHONEOS_DEPLOYMENT_TARGET = 17.5;
				LOCALIZATION_PREFERS_STRING_CATALOGS = YES;
				MTL_ENABLE_DEBUG_INFO = INCLUDE_SOURCE;
				MTL_FAST_MATH = YES;
				ONLY_ACTIVE_ARCH = YES;
				SDKROOT = iphoneos;
				SWIFT_ACTIVE_COMPILATION_CONDITIONS = "DEBUG $(inherited)";
				SWIFT_OPTIMIZATION_LEVEL = "-Onone";
			};
			name = Debug;
		};
		ED0E13202C2C4B280065D85A /* Release */ = {
			isa = XCBuildConfiguration;
			buildSettings = {
				ALWAYS_SEARCH_USER_PATHS = NO;
				ASSETCATALOG_COMPILER_GENERATE_SWIFT_ASSET_SYMBOL_EXTENSIONS = YES;
				CLANG_ANALYZER_NONNULL = YES;
				CLANG_ANALYZER_NUMBER_OBJECT_CONVERSION = YES_AGGRESSIVE;
				CLANG_CXX_LANGUAGE_STANDARD = "gnu++20";
				CLANG_ENABLE_MODULES = YES;
				CLANG_ENABLE_OBJC_ARC = YES;
				CLANG_ENABLE_OBJC_WEAK = YES;
				CLANG_WARN_BLOCK_CAPTURE_AUTORELEASING = YES;
				CLANG_WARN_BOOL_CONVERSION = YES;
				CLANG_WARN_COMMA = YES;
				CLANG_WARN_CONSTANT_CONVERSION = YES;
				CLANG_WARN_DEPRECATED_OBJC_IMPLEMENTATIONS = YES;
				CLANG_WARN_DIRECT_OBJC_ISA_USAGE = YES_ERROR;
				CLANG_WARN_DOCUMENTATION_COMMENTS = YES;
				CLANG_WARN_EMPTY_BODY = YES;
				CLANG_WARN_ENUM_CONVERSION = YES;
				CLANG_WARN_INFINITE_RECURSION = YES;
				CLANG_WARN_INT_CONVERSION = YES;
				CLANG_WARN_NON_LITERAL_NULL_CONVERSION = YES;
				CLANG_WARN_OBJC_IMPLICIT_RETAIN_SELF = YES;
				CLANG_WARN_OBJC_LITERAL_CONVERSION = YES;
				CLANG_WARN_OBJC_ROOT_CLASS = YES_ERROR;
				CLANG_WARN_QUOTED_INCLUDE_IN_FRAMEWORK_HEADER = YES;
				CLANG_WARN_RANGE_LOOP_ANALYSIS = YES;
				CLANG_WARN_STRICT_PROTOTYPES = YES;
				CLANG_WARN_SUSPICIOUS_MOVE = YES;
				CLANG_WARN_UNGUARDED_AVAILABILITY = YES_AGGRESSIVE;
				CLANG_WARN_UNREACHABLE_CODE = YES;
				CLANG_WARN__DUPLICATE_METHOD_MATCH = YES;
				COPY_PHASE_STRIP = NO;
				DEBUG_INFORMATION_FORMAT = "dwarf-with-dsym";
				ENABLE_NS_ASSERTIONS = NO;
				ENABLE_STRICT_OBJC_MSGSEND = YES;
				ENABLE_USER_SCRIPT_SANDBOXING = YES;
				GCC_C_LANGUAGE_STANDARD = gnu17;
				GCC_NO_COMMON_BLOCKS = YES;
				GCC_WARN_64_TO_32_BIT_CONVERSION = YES;
				GCC_WARN_ABOUT_RETURN_TYPE = YES_ERROR;
				GCC_WARN_UNDECLARED_SELECTOR = YES;
				GCC_WARN_UNINITIALIZED_AUTOS = YES_AGGRESSIVE;
				GCC_WARN_UNUSED_FUNCTION = YES;
				GCC_WARN_UNUSED_VARIABLE = YES;
				IPHONEOS_DEPLOYMENT_TARGET = 17.5;
				LOCALIZATION_PREFERS_STRING_CATALOGS = YES;
				MTL_ENABLE_DEBUG_INFO = NO;
				MTL_FAST_MATH = YES;
				SDKROOT = iphoneos;
				SWIFT_COMPILATION_MODE = wholemodule;
				VALIDATE_PRODUCT = YES;
			};
			name = Release;
		};
		ED0E13222C2C4B280065D85A /* Debug */ = {
			isa = XCBuildConfiguration;
			buildSettings = {
				ASSETCATALOG_COMPILER_APPICON_NAME = AppIcon;
				ASSETCATALOG_COMPILER_GLOBAL_ACCENT_COLOR_NAME = AccentColor;
				CODE_SIGN_STYLE = Automatic;
				CURRENT_PROJECT_VERSION = 1;
				GENERATE_INFOPLIST_FILE = YES;
				INFOPLIST_FILE = HW20/Info.plist;
				INFOPLIST_KEY_UIApplicationSupportsIndirectInputEvents = YES;
				INFOPLIST_KEY_UILaunchStoryboardName = LaunchScreen;
				INFOPLIST_KEY_UIMainStoryboardFile = Main;
				INFOPLIST_KEY_UISupportedInterfaceOrientations_iPad = "UIInterfaceOrientationPortrait UIInterfaceOrientationPortraitUpsideDown UIInterfaceOrientationLandscapeLeft UIInterfaceOrientationLandscapeRight";
				INFOPLIST_KEY_UISupportedInterfaceOrientations_iPhone = "UIInterfaceOrientationPortrait UIInterfaceOrientationLandscapeLeft UIInterfaceOrientationLandscapeRight";
				IPHONEOS_DEPLOYMENT_TARGET = 17.4;
				LD_RUNPATH_SEARCH_PATHS = (
					"$(inherited)",
					"@executable_path/Frameworks",
				);
				MARKETING_VERSION = 1.0;
				PRODUCT_BUNDLE_IDENTIFIER = com.godoffirekirill.HW20;
				PRODUCT_NAME = "$(TARGET_NAME)";
				SWIFT_EMIT_LOC_STRINGS = YES;
				SWIFT_VERSION = 5.0;
				TARGETED_DEVICE_FAMILY = "1,2";
			};
			name = Debug;
		};
		ED0E13232C2C4B280065D85A /* Release */ = {
			isa = XCBuildConfiguration;
			buildSettings = {
				ASSETCATALOG_COMPILER_APPICON_NAME = AppIcon;
				ASSETCATALOG_COMPILER_GLOBAL_ACCENT_COLOR_NAME = AccentColor;
				CODE_SIGN_STYLE = Automatic;
				CURRENT_PROJECT_VERSION = 1;
				GENERATE_INFOPLIST_FILE = YES;
				INFOPLIST_FILE = HW20/Info.plist;
				INFOPLIST_KEY_UIApplicationSupportsIndirectInputEvents = YES;
				INFOPLIST_KEY_UILaunchStoryboardName = LaunchScreen;
				INFOPLIST_KEY_UIMainStoryboardFile = Main;
				INFOPLIST_KEY_UISupportedInterfaceOrientations_iPad = "UIInterfaceOrientationPortrait UIInterfaceOrientationPortraitUpsideDown UIInterfaceOrientationLandscapeLeft UIInterfaceOrientationLandscapeRight";
				INFOPLIST_KEY_UISupportedInterfaceOrientations_iPhone = "UIInterfaceOrientationPortrait UIInterfaceOrientationLandscapeLeft UIInterfaceOrientationLandscapeRight";
				IPHONEOS_DEPLOYMENT_TARGET = 17.4;
				LD_RUNPATH_SEARCH_PATHS = (
					"$(inherited)",
					"@executable_path/Frameworks",
				);
				MARKETING_VERSION = 1.0;
				PRODUCT_BUNDLE_IDENTIFIER = com.godoffirekirill.HW20;
				PRODUCT_NAME = "$(TARGET_NAME)";
				SWIFT_EMIT_LOC_STRINGS = YES;
				SWIFT_VERSION = 5.0;
				TARGETED_DEVICE_FAMILY = "1,2";
			};
			name = Release;
		};
		ED0E13252C2C4B280065D85A /* Debug */ = {
			isa = XCBuildConfiguration;
			buildSettings = {
				ALWAYS_EMBED_SWIFT_STANDARD_LIBRARIES = YES;
				BUNDLE_LOADER = "$(TEST_HOST)";
				CODE_SIGN_STYLE = Automatic;
				CURRENT_PROJECT_VERSION = 1;
				GENERATE_INFOPLIST_FILE = YES;
				IPHONEOS_DEPLOYMENT_TARGET = 17.5;
				MARKETING_VERSION = 1.0;
				PRODUCT_BUNDLE_IDENTIFIER = com.godoffirekirill.HW20Tests;
				PRODUCT_NAME = "$(TARGET_NAME)";
				SWIFT_EMIT_LOC_STRINGS = NO;
				SWIFT_VERSION = 5.0;
				TARGETED_DEVICE_FAMILY = "1,2";
				TEST_HOST = "$(BUILT_PRODUCTS_DIR)/HW20.app/$(BUNDLE_EXECUTABLE_FOLDER_PATH)/HW20";
			};
			name = Debug;
		};
		ED0E13262C2C4B280065D85A /* Release */ = {
			isa = XCBuildConfiguration;
			buildSettings = {
				ALWAYS_EMBED_SWIFT_STANDARD_LIBRARIES = YES;
				BUNDLE_LOADER = "$(TEST_HOST)";
				CODE_SIGN_STYLE = Automatic;
				CURRENT_PROJECT_VERSION = 1;
				GENERATE_INFOPLIST_FILE = YES;
				IPHONEOS_DEPLOYMENT_TARGET = 17.5;
				MARKETING_VERSION = 1.0;
				PRODUCT_BUNDLE_IDENTIFIER = com.godoffirekirill.HW20Tests;
				PRODUCT_NAME = "$(TARGET_NAME)";
				SWIFT_EMIT_LOC_STRINGS = NO;
				SWIFT_VERSION = 5.0;
				TARGETED_DEVICE_FAMILY = "1,2";
				TEST_HOST = "$(BUILT_PRODUCTS_DIR)/HW20.app/$(BUNDLE_EXECUTABLE_FOLDER_PATH)/HW20";
			};
			name = Release;
		};
		ED0E13282C2C4B280065D85A /* Debug */ = {
			isa = XCBuildConfiguration;
			buildSettings = {
				ALWAYS_EMBED_SWIFT_STANDARD_LIBRARIES = YES;
				CODE_SIGN_STYLE = Automatic;
				CURRENT_PROJECT_VERSION = 1;
				GENERATE_INFOPLIST_FILE = YES;
				MARKETING_VERSION = 1.0;
				PRODUCT_BUNDLE_IDENTIFIER = com.godoffirekirill.HW20UITests;
				PRODUCT_NAME = "$(TARGET_NAME)";
				SWIFT_EMIT_LOC_STRINGS = NO;
				SWIFT_VERSION = 5.0;
				TARGETED_DEVICE_FAMILY = "1,2";
				TEST_TARGET_NAME = HW20;
			};
			name = Debug;
		};
		ED0E13292C2C4B280065D85A /* Release */ = {
			isa = XCBuildConfiguration;
			buildSettings = {
				ALWAYS_EMBED_SWIFT_STANDARD_LIBRARIES = YES;
				CODE_SIGN_STYLE = Automatic;
				CURRENT_PROJECT_VERSION = 1;
				GENERATE_INFOPLIST_FILE = YES;
				MARKETING_VERSION = 1.0;
				PRODUCT_BUNDLE_IDENTIFIER = com.godoffirekirill.HW20UITests;
				PRODUCT_NAME = "$(TARGET_NAME)";
				SWIFT_EMIT_LOC_STRINGS = NO;
				SWIFT_VERSION = 5.0;
				TARGETED_DEVICE_FAMILY = "1,2";
				TEST_TARGET_NAME = HW20;
			};
			name = Release;
		};
/* End XCBuildConfiguration section */

/* Begin XCConfigurationList section */
		ED0E12F22C2C4B260065D85A /* Build configuration list for PBXProject "HW20" */ = {
			isa = XCConfigurationList;
			buildConfigurations = (
				ED0E131F2C2C4B280065D85A /* Debug */,
				ED0E13202C2C4B280065D85A /* Release */,
			);
			defaultConfigurationIsVisible = 0;
			defaultConfigurationName = Release;
		};
		ED0E13212C2C4B280065D85A /* Build configuration list for PBXNativeTarget "HW20" */ = {
			isa = XCConfigurationList;
			buildConfigurations = (
				ED0E13222C2C4B280065D85A /* Debug */,
				ED0E13232C2C4B280065D85A /* Release */,
			);
			defaultConfigurationIsVisible = 0;
			defaultConfigurationName = Release;
		};
		ED0E13242C2C4B280065D85A /* Build configuration list for PBXNativeTarget "HW20Tests" */ = {
			isa = XCConfigurationList;
			buildConfigurations = (
				ED0E13252C2C4B280065D85A /* Debug */,
				ED0E13262C2C4B280065D85A /* Release */,
			);
			defaultConfigurationIsVisible = 0;
			defaultConfigurationName = Release;
		};
		ED0E13272C2C4B280065D85A /* Build configuration list for PBXNativeTarget "HW20UITests" */ = {
			isa = XCConfigurationList;
			buildConfigurations = (
				ED0E13282C2C4B280065D85A /* Debug */,
				ED0E13292C2C4B280065D85A /* Release */,
			);
			defaultConfigurationIsVisible = 0;
			defaultConfigurationName = Release;
		};
/* End XCConfigurationList section */
	};
	rootObject = ED0E12EF2C2C4B260065D85A /* Project object */;
}
